{
  "pins" : [
    {
      "identity" : "jsonequality",
      "kind" : "remoteSourceControl",
      "location" : "https://github.com/neallester/JSONEquality.git",
      "state" : {
        "branch" : "master",
        "revision" : "5dc87268b5ef24718857c1dd42dd36403b79623b"
      }
    },
    {
      "identity" : "jxkit",
      "kind" : "remoteSourceControl",
      "location" : "https://github.com/jectivex/JXKit.git",
      "state" : {
        "revision" : "a4c1872d36036fe4ade4b1cadb268603e89e25f0",
        "version" : "3.6.0"
      }
    }
  ],
  "version" : 2
}
